{
  "version": 4,
  "terraform_version": "1.3.9",
  "serial": 169,
  "lineage": "748438a5-5752-3545-da4c-5c71b3e9725e",
  "outputs": {},
  "resources": [
    {
      "mode": "managed",
      "type": "openstack_compute_floatingip_associate_v2",
      "name": "jr-floatip",
      "provider": "provider[\"registry.terraform.io/terraform-provider-openstack/openstack\"]",
      "instances": [
        {
          "schema_version": 0,
          "attributes": {
            "fixed_ip": "",
            "floating_ip": "192.168.3.111",
            "id": "192.168.3.111/5251cfff-db3a-4655-8d82-6ede24780faa/",
            "instance_id": "5251cfff-db3a-4655-8d82-6ede24780faa",
            "region": "RegionOne",
            "timeouts": null,
            "wait_until_associated": null
          },
          "sensitive_attributes": [],
          "private": "eyJlMmJmYjczMC1lY2FhLTExZTYtOGY4OC0zNDM2M2JjN2M0YzAiOnsiY3JlYXRlIjo2MDAwMDAwMDAwMDB9fQ==",
          "dependencies": [
            "openstack_compute_floatingip_v2.jr-floatip",
            "openstack_compute_instance_v2.jr-lb",
            "openstack_compute_secgroup_v2.sg-bastion",
            "openstack_compute_secgroup_v2.sg-lb",
            "openstack_networking_network_v2.jr-net"
          ]
        }
      ]
    },
    {
      "mode": "managed",
      "type": "openstack_compute_floatingip_associate_v2",
      "name": "jr-floatip-2",
      "provider": "provider[\"registry.terraform.io/terraform-provider-openstack/openstack\"]",
      "instances": [
        {
          "schema_version": 0,
          "attributes": {
            "fixed_ip": "",
            "floating_ip": "192.168.3.107",
            "id": "192.168.3.107/7cd3cd7c-4867-432a-9854-80054351d804/",
            "instance_id": "7cd3cd7c-4867-432a-9854-80054351d804",
            "region": "RegionOne",
            "timeouts": null,
            "wait_until_associated": null
          },
          "sensitive_attributes": [],
          "private": "eyJlMmJmYjczMC1lY2FhLTExZTYtOGY4OC0zNDM2M2JjN2M0YzAiOnsiY3JlYXRlIjo2MDAwMDAwMDAwMDB9fQ==",
          "dependencies": [
            "openstack_compute_floatingip_v2.jr-floatip-2",
            "openstack_compute_instance_v2.jr-bastion",
            "openstack_compute_secgroup_v2.sg-bastion",
            "openstack_networking_network_v2.jr-net"
          ]
        }
      ]
    },
    {
      "mode": "managed",
      "type": "openstack_compute_floatingip_v2",
      "name": "jr-floatip",
      "provider": "provider[\"registry.terraform.io/terraform-provider-openstack/openstack\"]",
      "instances": [
        {
          "schema_version": 0,
          "attributes": {
            "address": "192.168.3.111",
            "fixed_ip": "",
            "id": "fa31ceda-3055-4e0d-ae14-f09367ea37a2",
            "instance_id": "",
            "pool": "ext_net",
            "region": "RegionOne"
          },
          "sensitive_attributes": [],
          "private": "bnVsbA=="
        }
      ]
    },
    {
      "mode": "managed",
      "type": "openstack_compute_floatingip_v2",
      "name": "jr-floatip-2",
      "provider": "provider[\"registry.terraform.io/terraform-provider-openstack/openstack\"]",
      "instances": [
        {
          "schema_version": 0,
          "attributes": {
            "address": "192.168.3.107",
            "fixed_ip": "",
            "id": "f8424d6a-f434-4a4c-a93e-8a9df9b49a66",
            "instance_id": "",
            "pool": "ext_net",
            "region": "RegionOne"
          },
          "sensitive_attributes": [],
          "private": "bnVsbA=="
        }
      ]
    },
    {
      "mode": "managed",
      "type": "openstack_compute_instance_v2",
      "name": "jr-bastion",
      "provider": "provider[\"registry.terraform.io/terraform-provider-openstack/openstack\"]",
      "instances": [
        {
          "schema_version": 0,
          "attributes": {
            "access_ip_v4": "172.19.0.240",
            "access_ip_v6": "[fe80:de40:fe21::1b5]",
            "admin_pass": null,
            "all_metadata": {},
            "all_tags": [],
            "availability_zone": "nodos-amd-2022",
            "availability_zone_hints": null,
            "block_device": [],
            "config_drive": null,
            "flavor_id": "2d357d3d-32c1-4af8-81dd-a71a7d7cf303",
            "flavor_name": "m1.small",
            "floating_ip": null,
            "force_delete": false,
            "id": "7cd3cd7c-4867-432a-9854-80054351d804",
            "image_id": "38b79dd9-899c-4d4c-847a-8baad52abc3c",
            "image_name": "ubuntu_minimal_1804",
            "key_pair": "jr-key",
            "metadata": null,
            "name": "jr-bastion",
            "network": [
              {
                "access_network": false,
                "fixed_ip_v4": "172.19.0.240",
                "fixed_ip_v6": "[fe80:de40:fe21::1b5]",
                "floating_ip": "",
                "mac": "fa:16:3e:21:5b:d8",
                "name": "jr-net",
                "port": "",
                "uuid": "cf3893e9-002b-4cdd-98e7-7996b7fcd0a3"
              }
            ],
            "network_mode": null,
            "personality": [],
            "power_state": "active",
            "region": "RegionOne",
            "scheduler_hints": [],
            "security_groups": [
              "sg-bastion"
            ],
            "stop_before_destroy": false,
            "tags": null,
            "timeouts": null,
            "user_data": null,
            "vendor_options": [],
            "volume": []
          },
          "sensitive_attributes": [],
          "private": "eyJlMmJmYjczMC1lY2FhLTExZTYtOGY4OC0zNDM2M2JjN2M0YzAiOnsiY3JlYXRlIjoxODAwMDAwMDAwMDAwLCJkZWxldGUiOjE4MDAwMDAwMDAwMDAsInVwZGF0ZSI6MTgwMDAwMDAwMDAwMH19",
          "dependencies": [
            "openstack_compute_secgroup_v2.sg-bastion",
            "openstack_networking_network_v2.jr-net"
          ]
        }
      ]
    },
    {
      "mode": "managed",
      "type": "openstack_compute_instance_v2",
      "name": "jr-db",
      "provider": "provider[\"registry.terraform.io/terraform-provider-openstack/openstack\"]",
      "instances": [
        {
          "schema_version": 0,
          "attributes": {
            "access_ip_v4": "172.19.0.110",
            "access_ip_v6": "[fe80:de40:fe21::3c6]",
            "admin_pass": null,
            "all_metadata": {},
            "all_tags": [],
            "availability_zone": "nodos-amd-2022",
            "availability_zone_hints": null,
            "block_device": [],
            "config_drive": null,
            "flavor_id": "2d357d3d-32c1-4af8-81dd-a71a7d7cf303",
            "flavor_name": "m1.small",
            "floating_ip": null,
            "force_delete": false,
            "id": "782d6b7e-596b-4891-9e5b-4d68e3dba275",
            "image_id": "38b79dd9-899c-4d4c-847a-8baad52abc3c",
            "image_name": "ubuntu_minimal_1804",
            "key_pair": "jr-key",
            "metadata": null,
            "name": "jr-db",
            "network": [
              {
                "access_network": false,
                "fixed_ip_v4": "172.19.0.110",
                "fixed_ip_v6": "[fe80:de40:fe21::3c6]",
                "floating_ip": "",
                "mac": "fa:16:3e:da:22:f6",
                "name": "jr-net",
                "port": "",
                "uuid": "cf3893e9-002b-4cdd-98e7-7996b7fcd0a3"
              }
            ],
            "network_mode": null,
            "personality": [],
            "power_state": "active",
            "region": "RegionOne",
            "scheduler_hints": [],
            "security_groups": [
              "sg-db"
            ],
            "stop_before_destroy": false,
            "tags": null,
            "timeouts": null,
            "user_data": null,
            "vendor_options": [],
            "volume": []
          },
          "sensitive_attributes": [],
          "private": "eyJlMmJmYjczMC1lY2FhLTExZTYtOGY4OC0zNDM2M2JjN2M0YzAiOnsiY3JlYXRlIjoxODAwMDAwMDAwMDAwLCJkZWxldGUiOjE4MDAwMDAwMDAwMDAsInVwZGF0ZSI6MTgwMDAwMDAwMDAwMH19",
          "dependencies": [
            "openstack_compute_secgroup_v2.sg-bastion",
            "openstack_compute_secgroup_v2.sg-db",
            "openstack_compute_secgroup_v2.sg-lb",
            "openstack_compute_secgroup_v2.sg-webapp-01",
            "openstack_networking_network_v2.jr-net"
          ]
        }
      ]
    },
    {
      "mode": "managed",
      "type": "openstack_compute_instance_v2",
      "name": "jr-lb",
      "provider": "provider[\"registry.terraform.io/terraform-provider-openstack/openstack\"]",
      "instances": [
        {
          "schema_version": 0,
          "attributes": {
            "access_ip_v4": "172.19.0.208",
            "access_ip_v6": "[fe80:de40:fe21::32e]",
            "admin_pass": null,
            "all_metadata": {},
            "all_tags": [],
            "availability_zone": "nodos-amd-2022",
            "availability_zone_hints": null,
            "block_device": [],
            "config_drive": null,
            "flavor_id": "2d357d3d-32c1-4af8-81dd-a71a7d7cf303",
            "flavor_name": "m1.small",
            "floating_ip": null,
            "force_delete": false,
            "id": "5251cfff-db3a-4655-8d82-6ede24780faa",
            "image_id": "38b79dd9-899c-4d4c-847a-8baad52abc3c",
            "image_name": "ubuntu_minimal_1804",
            "key_pair": "jr-key",
            "metadata": null,
            "name": "jr-lb",
            "network": [
              {
                "access_network": false,
                "fixed_ip_v4": "172.19.0.208",
                "fixed_ip_v6": "[fe80:de40:fe21::32e]",
                "floating_ip": "",
                "mac": "fa:16:3e:bf:7f:5b",
                "name": "jr-net",
                "port": "",
                "uuid": "cf3893e9-002b-4cdd-98e7-7996b7fcd0a3"
              }
            ],
            "network_mode": null,
            "personality": [],
            "power_state": "active",
            "region": "RegionOne",
            "scheduler_hints": [],
            "security_groups": [
              "sg-lb"
            ],
            "stop_before_destroy": false,
            "tags": null,
            "timeouts": null,
            "user_data": null,
            "vendor_options": [],
            "volume": []
          },
          "sensitive_attributes": [],
          "private": "eyJlMmJmYjczMC1lY2FhLTExZTYtOGY4OC0zNDM2M2JjN2M0YzAiOnsiY3JlYXRlIjoxODAwMDAwMDAwMDAwLCJkZWxldGUiOjE4MDAwMDAwMDAwMDAsInVwZGF0ZSI6MTgwMDAwMDAwMDAwMH19",
          "dependencies": [
            "openstack_compute_secgroup_v2.sg-bastion",
            "openstack_compute_secgroup_v2.sg-lb",
            "openstack_networking_network_v2.jr-net"
          ]
        }
      ]
    },
    {
      "mode": "managed",
      "type": "openstack_compute_instance_v2",
      "name": "jr-webapp-01",
      "provider": "provider[\"registry.terraform.io/terraform-provider-openstack/openstack\"]",
      "instances": [
        {
          "schema_version": 0,
          "attributes": {
            "access_ip_v4": "172.19.0.173",
            "access_ip_v6": "[fe80:de40:fe21::178]",
            "admin_pass": null,
            "all_metadata": {},
            "all_tags": [],
            "availability_zone": "nodos-amd-2022",
            "availability_zone_hints": null,
            "block_device": [],
            "config_drive": null,
            "flavor_id": "2d357d3d-32c1-4af8-81dd-a71a7d7cf303",
            "flavor_name": "m1.small",
            "floating_ip": null,
            "force_delete": false,
            "id": "52067ee4-298b-4a05-92cf-e1505bc381f4",
            "image_id": "38b79dd9-899c-4d4c-847a-8baad52abc3c",
            "image_name": "ubuntu_minimal_1804",
            "key_pair": "jr-key",
            "metadata": null,
            "name": "jr-webapp-01",
            "network": [
              {
                "access_network": false,
                "fixed_ip_v4": "172.19.0.173",
                "fixed_ip_v6": "[fe80:de40:fe21::178]",
                "floating_ip": "",
                "mac": "fa:16:3e:d0:2a:31",
                "name": "jr-net",
                "port": "",
                "uuid": "cf3893e9-002b-4cdd-98e7-7996b7fcd0a3"
              }
            ],
            "network_mode": null,
            "personality": [],
            "power_state": "active",
            "region": "RegionOne",
            "scheduler_hints": [],
            "security_groups": [
              "sg-webapp-01"
            ],
            "stop_before_destroy": false,
            "tags": null,
            "timeouts": null,
            "user_data": null,
            "vendor_options": [],
            "volume": []
          },
          "sensitive_attributes": [],
          "private": "eyJlMmJmYjczMC1lY2FhLTExZTYtOGY4OC0zNDM2M2JjN2M0YzAiOnsiY3JlYXRlIjoxODAwMDAwMDAwMDAwLCJkZWxldGUiOjE4MDAwMDAwMDAwMDAsInVwZGF0ZSI6MTgwMDAwMDAwMDAwMH19",
          "dependencies": [
            "openstack_compute_secgroup_v2.sg-bastion",
            "openstack_compute_secgroup_v2.sg-lb",
            "openstack_compute_secgroup_v2.sg-webapp-01",
            "openstack_networking_network_v2.jr-net"
          ]
        }
      ]
    },
    {
      "mode": "managed",
      "type": "openstack_compute_secgroup_v2",
      "name": "sg-bastion",
      "provider": "provider[\"registry.terraform.io/terraform-provider-openstack/openstack\"]",
      "instances": [
        {
          "schema_version": 0,
          "attributes": {
            "description": "Bastion security group",
            "id": "30e6ce2f-a3a4-419c-8656-8d9692a49872",
            "name": "sg-bastion",
            "region": "RegionOne",
            "rule": [
              {
                "cidr": "0.0.0.0/0",
                "from_group_id": "",
                "from_port": 22,
                "id": "442ad1df-39a2-4ce8-956d-96fd26e79870",
                "ip_protocol": "tcp",
                "self": false,
                "to_port": 22
              },
              {
                "cidr": "::/0",
                "from_group_id": "",
                "from_port": 22,
                "id": "c685fc96-7c2d-4117-a5d0-3bbbef77820f",
                "ip_protocol": "tcp",
                "self": false,
                "to_port": 22
              }
            ],
            "timeouts": null
          },
          "sensitive_attributes": [],
          "private": "eyJlMmJmYjczMC1lY2FhLTExZTYtOGY4OC0zNDM2M2JjN2M0YzAiOnsiZGVsZXRlIjo2MDAwMDAwMDAwMDB9fQ=="
        }
      ]
    },
    {
      "mode": "managed",
      "type": "openstack_compute_secgroup_v2",
      "name": "sg-db",
      "provider": "provider[\"registry.terraform.io/terraform-provider-openstack/openstack\"]",
      "instances": [
        {
          "schema_version": 0,
          "attributes": {
            "description": "Database security group",
            "id": "d8d66e70-b618-44c8-97a7-f866a47fa381",
            "name": "sg-db",
            "region": "RegionOne",
            "rule": [
              {
                "cidr": "",
                "from_group_id": "30e6ce2f-a3a4-419c-8656-8d9692a49872",
                "from_port": 22,
                "id": "45f1de37-1369-42d1-beb2-fd1a2aad0579",
                "ip_protocol": "tcp",
                "self": false,
                "to_port": 22
              },
              {
                "cidr": "",
                "from_group_id": "c869f46d-d8c9-4060-ba64-19c5a2448ac4",
                "from_port": 3306,
                "id": "e957fb2b-dfa3-4ec3-82f3-30f0557d68c1",
                "ip_protocol": "tcp",
                "self": false,
                "to_port": 3306
              }
            ],
            "timeouts": null
          },
          "sensitive_attributes": [],
          "private": "eyJlMmJmYjczMC1lY2FhLTExZTYtOGY4OC0zNDM2M2JjN2M0YzAiOnsiZGVsZXRlIjo2MDAwMDAwMDAwMDB9fQ==",
          "dependencies": [
            "openstack_compute_secgroup_v2.sg-bastion",
            "openstack_compute_secgroup_v2.sg-lb",
            "openstack_compute_secgroup_v2.sg-webapp-01"
          ]
        }
      ]
    },
    {
      "mode": "managed",
      "type": "openstack_compute_secgroup_v2",
      "name": "sg-lb",
      "provider": "provider[\"registry.terraform.io/terraform-provider-openstack/openstack\"]",
      "instances": [
        {
          "schema_version": 0,
          "attributes": {
            "description": "Load Balancer security group",
            "id": "06c25f3b-bd19-494b-8e1f-80e895aa8e42",
            "name": "sg-lb",
            "region": "RegionOne",
            "rule": [
              {
                "cidr": "",
                "from_group_id": "30e6ce2f-a3a4-419c-8656-8d9692a49872",
                "from_port": 22,
                "id": "590f7a94-aeb0-406b-8479-060697c9f17f",
                "ip_protocol": "tcp",
                "self": false,
                "to_port": 22
              },
              {
                "cidr": "0.0.0.0/0",
                "from_group_id": "",
                "from_port": 80,
                "id": "0d5b1e62-7aab-4d44-a10d-9499da4f86f1",
                "ip_protocol": "tcp",
                "self": false,
                "to_port": 80
              },
              {
                "cidr": "::/0",
                "from_group_id": "",
                "from_port": 80,
                "id": "23d5bc7f-043d-4b08-b045-6491bd8c486b",
                "ip_protocol": "tcp",
                "self": false,
                "to_port": 80
              }
            ],
            "timeouts": null
          },
          "sensitive_attributes": [],
          "private": "eyJlMmJmYjczMC1lY2FhLTExZTYtOGY4OC0zNDM2M2JjN2M0YzAiOnsiZGVsZXRlIjo2MDAwMDAwMDAwMDB9fQ==",
          "dependencies": [
            "openstack_compute_secgroup_v2.sg-bastion"
          ]
        }
      ]
    },
    {
      "mode": "managed",
      "type": "openstack_compute_secgroup_v2",
      "name": "sg-webapp-01",
      "provider": "provider[\"registry.terraform.io/terraform-provider-openstack/openstack\"]",
      "instances": [
        {
          "schema_version": 0,
          "attributes": {
            "description": "Webapp-01 security group",
            "id": "c869f46d-d8c9-4060-ba64-19c5a2448ac4",
            "name": "sg-webapp-01",
            "region": "RegionOne",
            "rule": [
              {
                "cidr": "",
                "from_group_id": "06c25f3b-bd19-494b-8e1f-80e895aa8e42",
                "from_port": 80,
                "id": "c4e0b1e4-720f-49c2-a007-cf39624bd7ea",
                "ip_protocol": "tcp",
                "self": false,
                "to_port": 80
              },
              {
                "cidr": "",
                "from_group_id": "30e6ce2f-a3a4-419c-8656-8d9692a49872",
                "from_port": 22,
                "id": "71d8ad33-a70e-425d-8f3b-5adb235d56cb",
                "ip_protocol": "tcp",
                "self": false,
                "to_port": 22
              },
              {
                "cidr": "0.0.0.0/0",
                "from_group_id": "",
                "from_port": -1,
                "id": "6c68d1ce-2494-4294-9dea-9a4c697d7eae",
                "ip_protocol": "icmp",
                "self": false,
                "to_port": -1
              },
              {
                "cidr": "::/0",
                "from_group_id": "",
                "from_port": -1,
                "id": "0c7cdca1-24a8-45ba-8cb0-fcf916c31569",
                "ip_protocol": "ipv6-icmp",
                "self": false,
                "to_port": -1
              }
            ],
            "timeouts": null
          },
          "sensitive_attributes": [],
          "private": "eyJlMmJmYjczMC1lY2FhLTExZTYtOGY4OC0zNDM2M2JjN2M0YzAiOnsiZGVsZXRlIjo2MDAwMDAwMDAwMDB9fQ==",
          "dependencies": [
            "openstack_compute_secgroup_v2.sg-bastion",
            "openstack_compute_secgroup_v2.sg-lb"
          ]
        }
      ]
    },
    {
      "mode": "managed",
      "type": "openstack_networking_network_v2",
      "name": "jr-net",
      "provider": "provider[\"registry.terraform.io/terraform-provider-openstack/openstack\"]",
      "instances": [
        {
          "schema_version": 0,
          "attributes": {
            "admin_state_up": true,
            "all_tags": [],
            "availability_zone_hints": [],
            "description": "",
            "dns_domain": "",
            "external": false,
            "id": "cf3893e9-002b-4cdd-98e7-7996b7fcd0a3",
            "mtu": 1450,
            "name": "jr-net",
            "port_security_enabled": true,
            "qos_policy_id": "",
            "region": "RegionOne",
            "segments": [],
            "shared": false,
            "tags": null,
            "tenant_id": "4f8510696ff34a0c978c971d2c8e8477",
            "timeouts": null,
            "transparent_vlan": false,
            "value_specs": null
          },
          "sensitive_attributes": [],
          "private": "eyJlMmJmYjczMC1lY2FhLTExZTYtOGY4OC0zNDM2M2JjN2M0YzAiOnsiY3JlYXRlIjo2MDAwMDAwMDAwMDAsImRlbGV0ZSI6NjAwMDAwMDAwMDAwfX0="
        }
      ]
    },
    {
      "mode": "managed",
      "type": "openstack_networking_router_interface_v2",
      "name": "jr-intf4",
      "provider": "provider[\"registry.terraform.io/terraform-provider-openstack/openstack\"]",
      "instances": [
        {
          "schema_version": 0,
          "attributes": {
            "id": "7804e781-182d-44f4-b85c-af8d36bc9d2c",
            "port_id": "7804e781-182d-44f4-b85c-af8d36bc9d2c",
            "region": "RegionOne",
            "router_id": "a6ff368e-9832-42ba-8678-bd087ff64d05",
            "subnet_id": "02b58229-c401-4db0-af36-9907af4e5164",
            "timeouts": null
          },
          "sensitive_attributes": [],
          "private": "eyJlMmJmYjczMC1lY2FhLTExZTYtOGY4OC0zNDM2M2JjN2M0YzAiOnsiY3JlYXRlIjo2MDAwMDAwMDAwMDAsImRlbGV0ZSI6NjAwMDAwMDAwMDAwfX0=",
          "dependencies": [
            "openstack_networking_network_v2.jr-net",
            "openstack_networking_router_v2.jr-router",
            "openstack_networking_subnet_v2.jr-subnet4"
          ]
        }
      ]
    },
    {
      "mode": "managed",
      "type": "openstack_networking_router_interface_v2",
      "name": "jr-intf6",
      "provider": "provider[\"registry.terraform.io/terraform-provider-openstack/openstack\"]",
      "instances": [
        {
          "schema_version": 0,
          "attributes": {
            "id": "aff5c295-303e-4ca0-a37b-1c99190344ca",
            "port_id": "aff5c295-303e-4ca0-a37b-1c99190344ca",
            "region": "RegionOne",
            "router_id": "a6ff368e-9832-42ba-8678-bd087ff64d05",
            "subnet_id": "401923d8-65b5-4932-bbe1-b8623212d8cf",
            "timeouts": null
          },
          "sensitive_attributes": [],
          "private": "eyJlMmJmYjczMC1lY2FhLTExZTYtOGY4OC0zNDM2M2JjN2M0YzAiOnsiY3JlYXRlIjo2MDAwMDAwMDAwMDAsImRlbGV0ZSI6NjAwMDAwMDAwMDAwfX0=",
          "dependencies": [
            "openstack_networking_network_v2.jr-net",
            "openstack_networking_router_v2.jr-router",
            "openstack_networking_subnet_v2.jr-subnet6"
          ]
        }
      ]
    },
    {
      "mode": "managed",
      "type": "openstack_networking_router_v2",
      "name": "jr-router",
      "provider": "provider[\"registry.terraform.io/terraform-provider-openstack/openstack\"]",
      "instances": [
        {
          "schema_version": 0,
          "attributes": {
            "admin_state_up": true,
            "all_tags": [],
            "availability_zone_hints": [],
            "description": "",
            "distributed": false,
            "enable_snat": true,
            "external_fixed_ip": [
              {
                "ip_address": "192.168.3.113",
                "subnet_id": "14c24d48-1fc6-4f61-ba48-8b4cc5c5b612"
              },
              {
                "ip_address": "2803:de40:4014:c6ff::10a6",
                "subnet_id": "9dd43736-509b-45fe-9cf3-636209072c5c"
              }
            ],
            "external_gateway": "4cd100c4-1652-47b1-b63b-a69f96a06355",
            "external_network_id": "4cd100c4-1652-47b1-b63b-a69f96a06355",
            "external_subnet_ids": null,
            "id": "a6ff368e-9832-42ba-8678-bd087ff64d05",
            "name": "jr-router",
            "region": "RegionOne",
            "tags": null,
            "tenant_id": "4f8510696ff34a0c978c971d2c8e8477",
            "timeouts": null,
            "value_specs": null,
            "vendor_options": []
          },
          "sensitive_attributes": [],
          "private": "eyJlMmJmYjczMC1lY2FhLTExZTYtOGY4OC0zNDM2M2JjN2M0YzAiOnsiY3JlYXRlIjo2MDAwMDAwMDAwMDAsImRlbGV0ZSI6NjAwMDAwMDAwMDAwfX0="
        }
      ]
    },
    {
      "mode": "managed",
      "type": "openstack_networking_secgroup_rule_v2",
      "name": "sg-db_rule_1",
      "provider": "provider[\"registry.terraform.io/terraform-provider-openstack/openstack\"]",
      "instances": [
        {
          "schema_version": 0,
          "attributes": {
            "description": "",
            "direction": "ingress",
            "ethertype": "IPv6",
            "id": "88e12c71-6c7e-41be-b763-fc7a278df9f9",
            "port_range_max": 22,
            "port_range_min": 22,
            "protocol": "tcp",
            "region": "RegionOne",
            "remote_group_id": "30e6ce2f-a3a4-419c-8656-8d9692a49872",
            "remote_ip_prefix": "",
            "security_group_id": "d8d66e70-b618-44c8-97a7-f866a47fa381",
            "tenant_id": "4f8510696ff34a0c978c971d2c8e8477",
            "timeouts": null
          },
          "sensitive_attributes": [],
          "private": "eyJlMmJmYjczMC1lY2FhLTExZTYtOGY4OC0zNDM2M2JjN2M0YzAiOnsiZGVsZXRlIjo2MDAwMDAwMDAwMDB9fQ==",
          "dependencies": [
            "openstack_compute_secgroup_v2.sg-bastion",
            "openstack_compute_secgroup_v2.sg-db",
            "openstack_compute_secgroup_v2.sg-lb",
            "openstack_compute_secgroup_v2.sg-webapp-01"
          ]
        }
      ]
    },
    {
      "mode": "managed",
      "type": "openstack_networking_secgroup_rule_v2",
      "name": "sg-db_rule_2",
      "provider": "provider[\"registry.terraform.io/terraform-provider-openstack/openstack\"]",
      "instances": [
        {
          "schema_version": 0,
          "attributes": {
            "description": "",
            "direction": "ingress",
            "ethertype": "IPv6",
            "id": "e0b9b1b9-dcfd-47ef-b802-8ace25c21f90",
            "port_range_max": 3306,
            "port_range_min": 3306,
            "protocol": "tcp",
            "region": "RegionOne",
            "remote_group_id": "c869f46d-d8c9-4060-ba64-19c5a2448ac4",
            "remote_ip_prefix": "",
            "security_group_id": "d8d66e70-b618-44c8-97a7-f866a47fa381",
            "tenant_id": "4f8510696ff34a0c978c971d2c8e8477",
            "timeouts": null
          },
          "sensitive_attributes": [],
          "private": "eyJlMmJmYjczMC1lY2FhLTExZTYtOGY4OC0zNDM2M2JjN2M0YzAiOnsiZGVsZXRlIjo2MDAwMDAwMDAwMDB9fQ==",
          "dependencies": [
            "openstack_compute_secgroup_v2.sg-bastion",
            "openstack_compute_secgroup_v2.sg-db",
            "openstack_compute_secgroup_v2.sg-lb",
            "openstack_compute_secgroup_v2.sg-webapp-01"
          ]
        }
      ]
    },
    {
      "mode": "managed",
      "type": "openstack_networking_secgroup_rule_v2",
      "name": "sg-lb_rule_1",
      "provider": "provider[\"registry.terraform.io/terraform-provider-openstack/openstack\"]",
      "instances": [
        {
          "schema_version": 0,
          "attributes": {
            "description": "",
            "direction": "ingress",
            "ethertype": "IPv6",
            "id": "86063dda-d66f-432d-8d61-57538ea7be69",
            "port_range_max": 22,
            "port_range_min": 22,
            "protocol": "tcp",
            "region": "RegionOne",
            "remote_group_id": "30e6ce2f-a3a4-419c-8656-8d9692a49872",
            "remote_ip_prefix": "",
            "security_group_id": "06c25f3b-bd19-494b-8e1f-80e895aa8e42",
            "tenant_id": "4f8510696ff34a0c978c971d2c8e8477",
            "timeouts": null
          },
          "sensitive_attributes": [],
          "private": "eyJlMmJmYjczMC1lY2FhLTExZTYtOGY4OC0zNDM2M2JjN2M0YzAiOnsiZGVsZXRlIjo2MDAwMDAwMDAwMDB9fQ==",
          "dependencies": [
            "openstack_compute_secgroup_v2.sg-bastion",
            "openstack_compute_secgroup_v2.sg-lb"
          ]
        }
      ]
    },
    {
      "mode": "managed",
      "type": "openstack_networking_secgroup_rule_v2",
      "name": "sg-wa_rule_1",
      "provider": "provider[\"registry.terraform.io/terraform-provider-openstack/openstack\"]",
      "instances": [
        {
          "schema_version": 0,
          "attributes": {
            "description": "",
            "direction": "ingress",
            "ethertype": "IPv6",
            "id": "7a30e347-9705-49fe-838a-b44ad17f5b07",
            "port_range_max": 22,
            "port_range_min": 22,
            "protocol": "tcp",
            "region": "RegionOne",
            "remote_group_id": "30e6ce2f-a3a4-419c-8656-8d9692a49872",
            "remote_ip_prefix": "",
            "security_group_id": "c869f46d-d8c9-4060-ba64-19c5a2448ac4",
            "tenant_id": "4f8510696ff34a0c978c971d2c8e8477",
            "timeouts": null
          },
          "sensitive_attributes": [],
          "private": "eyJlMmJmYjczMC1lY2FhLTExZTYtOGY4OC0zNDM2M2JjN2M0YzAiOnsiZGVsZXRlIjo2MDAwMDAwMDAwMDB9fQ==",
          "dependencies": [
            "openstack_compute_secgroup_v2.sg-bastion",
            "openstack_compute_secgroup_v2.sg-lb",
            "openstack_compute_secgroup_v2.sg-webapp-01"
          ]
        }
      ]
    },
    {
      "mode": "managed",
      "type": "openstack_networking_secgroup_rule_v2",
      "name": "sg-wa_rule_2",
      "provider": "provider[\"registry.terraform.io/terraform-provider-openstack/openstack\"]",
      "instances": [
        {
          "schema_version": 0,
          "attributes": {
            "description": "",
            "direction": "ingress",
            "ethertype": "IPv6",
            "id": "85d786d6-d1e8-42af-80fe-5d891ffbf745",
            "port_range_max": 80,
            "port_range_min": 80,
            "protocol": "tcp",
            "region": "RegionOne",
            "remote_group_id": "06c25f3b-bd19-494b-8e1f-80e895aa8e42",
            "remote_ip_prefix": "",
            "security_group_id": "c869f46d-d8c9-4060-ba64-19c5a2448ac4",
            "tenant_id": "4f8510696ff34a0c978c971d2c8e8477",
            "timeouts": null
          },
          "sensitive_attributes": [],
          "private": "eyJlMmJmYjczMC1lY2FhLTExZTYtOGY4OC0zNDM2M2JjN2M0YzAiOnsiZGVsZXRlIjo2MDAwMDAwMDAwMDB9fQ==",
          "dependencies": [
            "openstack_compute_secgroup_v2.sg-bastion",
            "openstack_compute_secgroup_v2.sg-lb",
            "openstack_compute_secgroup_v2.sg-webapp-01"
          ]
        }
      ]
    },
    {
      "mode": "managed",
      "type": "openstack_networking_subnet_v2",
      "name": "jr-subnet4",
      "provider": "provider[\"registry.terraform.io/terraform-provider-openstack/openstack\"]",
      "instances": [
        {
          "schema_version": 0,
          "attributes": {
            "all_tags": [],
            "allocation_pool": [
              {
                "end": "172.19.0.254",
                "start": "172.19.0.2"
              }
            ],
            "allocation_pools": [
              {
                "end": "172.19.0.254",
                "start": "172.19.0.2"
              }
            ],
            "cidr": "172.19.0.0/24",
            "description": "",
            "dns_nameservers": null,
            "enable_dhcp": true,
            "gateway_ip": "172.19.0.1",
            "host_routes": [],
            "id": "02b58229-c401-4db0-af36-9907af4e5164",
            "ip_version": 4,
            "ipv6_address_mode": "",
            "ipv6_ra_mode": "",
            "name": "jr-subnet4",
            "network_id": "cf3893e9-002b-4cdd-98e7-7996b7fcd0a3",
            "no_gateway": false,
            "prefix_length": null,
            "region": "RegionOne",
            "subnetpool_id": "",
            "tags": null,
            "tenant_id": "4f8510696ff34a0c978c971d2c8e8477",
            "timeouts": null,
            "value_specs": null
          },
          "sensitive_attributes": [],
          "private": "eyJlMmJmYjczMC1lY2FhLTExZTYtOGY4OC0zNDM2M2JjN2M0YzAiOnsiY3JlYXRlIjo2MDAwMDAwMDAwMDAsImRlbGV0ZSI6NjAwMDAwMDAwMDAwfX0=",
          "dependencies": [
            "openstack_networking_network_v2.jr-net"
          ]
        }
      ]
    },
    {
      "mode": "managed",
      "type": "openstack_networking_subnet_v2",
      "name": "jr-subnet6",
      "provider": "provider[\"registry.terraform.io/terraform-provider-openstack/openstack\"]",
      "instances": [
        {
          "schema_version": 0,
          "attributes": {
            "all_tags": [],
            "allocation_pool": [
              {
                "end": "fe80:de40:fe21:ffff:ffff:ffff:ffff:ffff",
                "start": "fe80:de40:fe21::1"
              }
            ],
            "allocation_pools": [
              {
                "end": "fe80:de40:fe21:ffff:ffff:ffff:ffff:ffff",
                "start": "fe80:de40:fe21::1"
              }
            ],
            "cidr": "fe80:de40:fe21::/48",
            "description": "",
            "dns_nameservers": null,
            "enable_dhcp": true,
            "gateway_ip": "fe80:de40:fe21::",
            "host_routes": [],
            "id": "401923d8-65b5-4932-bbe1-b8623212d8cf",
            "ip_version": 6,
            "ipv6_address_mode": "",
            "ipv6_ra_mode": "",
            "name": "jr-subnet6",
            "network_id": "cf3893e9-002b-4cdd-98e7-7996b7fcd0a3",
            "no_gateway": false,
            "prefix_length": null,
            "region": "RegionOne",
            "subnetpool_id": "",
            "tags": null,
            "tenant_id": "4f8510696ff34a0c978c971d2c8e8477",
            "timeouts": null,
            "value_specs": null
          },
          "sensitive_attributes": [],
          "private": "eyJlMmJmYjczMC1lY2FhLTExZTYtOGY4OC0zNDM2M2JjN2M0YzAiOnsiY3JlYXRlIjo2MDAwMDAwMDAwMDAsImRlbGV0ZSI6NjAwMDAwMDAwMDAwfX0=",
          "dependencies": [
            "openstack_networking_network_v2.jr-net"
          ]
        }
      ]
    }
  ],
  "check_results": null
}
