{
  "version": 4,
  "terraform_version": "1.3.9",
  "serial": 48,
  "lineage": "8134e633-13c4-8bf7-a62c-d351a96592fb",
  "outputs": {},
  "resources": [
    {
      "mode": "managed",
      "type": "openstack_compute_floatingip_associate_v2",
      "name": "jr-floatip",
      "provider": "provider[\"registry.terraform.io/terraform-provider-openstack/openstack\"]",
      "instances": [
        {
          "schema_version": 0,
          "attributes": {
            "fixed_ip": "",
            "floating_ip": "192.168.3.107",
            "id": "192.168.3.107/803fb2a8-fa8a-43c5-a650-fa80c7c8cbeb/",
            "instance_id": "803fb2a8-fa8a-43c5-a650-fa80c7c8cbeb",
            "region": "RegionOne",
            "timeouts": null,
            "wait_until_associated": null
          },
          "sensitive_attributes": [],
          "private": "eyJlMmJmYjczMC1lY2FhLTExZTYtOGY4OC0zNDM2M2JjN2M0YzAiOnsiY3JlYXRlIjo2MDAwMDAwMDAwMDB9fQ==",
          "dependencies": [
            "openstack_compute_floatingip_v2.jr-floatip",
            "openstack_compute_instance_v2.jr-lb",
            "openstack_compute_secgroup_v2.sg-lb",
            "openstack_networking_network_v2.jr-net"
          ]
        }
      ]
    },
    {
      "mode": "managed",
      "type": "openstack_compute_floatingip_v2",
      "name": "jr-floatip",
      "provider": "provider[\"registry.terraform.io/terraform-provider-openstack/openstack\"]",
      "instances": [
        {
          "schema_version": 0,
          "attributes": {
            "address": "192.168.3.107",
            "fixed_ip": "172.19.0.253",
            "id": "62333036-2c0e-4881-9ef8-5cc7659b4745",
            "instance_id": "803fb2a8-fa8a-43c5-a650-fa80c7c8cbeb",
            "pool": "ext_net",
            "region": "RegionOne"
          },
          "sensitive_attributes": [],
          "private": "bnVsbA=="
        }
      ]
    },
    {
      "mode": "managed",
      "type": "openstack_compute_instance_v2",
      "name": "jr-bastion",
      "provider": "provider[\"registry.terraform.io/terraform-provider-openstack/openstack\"]",
      "instances": [
        {
          "schema_version": 0,
          "attributes": {
            "access_ip_v4": "172.19.0.158",
            "access_ip_v6": "",
            "admin_pass": null,
            "all_metadata": {},
            "all_tags": [],
            "availability_zone": "nodos-amd-2022",
            "availability_zone_hints": null,
            "block_device": [],
            "config_drive": null,
            "flavor_id": "2d357d3d-32c1-4af8-81dd-a71a7d7cf303",
            "flavor_name": "m1.small",
            "floating_ip": null,
            "force_delete": false,
            "id": "f84fff0a-9248-4b99-8286-0eb690f77d9a",
            "image_id": "38b79dd9-899c-4d4c-847a-8baad52abc3c",
            "image_name": "ubuntu_minimal_1804",
            "key_pair": "jr-key",
            "metadata": null,
            "name": "jr-bastion",
            "network": [
              {
                "access_network": false,
                "fixed_ip_v4": "172.19.0.158",
                "fixed_ip_v6": "",
                "floating_ip": "",
                "mac": "fa:16:3e:c9:bd:00",
                "name": "jr-net",
                "port": "",
                "uuid": "e309f95b-accb-4280-832b-c5ff0dc1981a"
              }
            ],
            "network_mode": null,
            "personality": [],
            "power_state": "active",
            "region": "RegionOne",
            "scheduler_hints": [],
            "security_groups": [
              "sg-bastion"
            ],
            "stop_before_destroy": false,
            "tags": [],
            "timeouts": null,
            "user_data": null,
            "vendor_options": [],
            "volume": []
          },
          "sensitive_attributes": [],
          "private": "eyJlMmJmYjczMC1lY2FhLTExZTYtOGY4OC0zNDM2M2JjN2M0YzAiOnsiY3JlYXRlIjoxODAwMDAwMDAwMDAwLCJkZWxldGUiOjE4MDAwMDAwMDAwMDAsInVwZGF0ZSI6MTgwMDAwMDAwMDAwMH19",
          "dependencies": [
            "openstack_compute_secgroup_v2.sg-bastion",
            "openstack_networking_network_v2.jr-net"
          ]
        }
      ]
    },
    {
      "mode": "managed",
      "type": "openstack_compute_instance_v2",
      "name": "jr-db",
      "provider": "provider[\"registry.terraform.io/terraform-provider-openstack/openstack\"]",
      "instances": [
        {
          "schema_version": 0,
          "attributes": {
            "access_ip_v4": "172.19.0.33",
            "access_ip_v6": "",
            "admin_pass": null,
            "all_metadata": {},
            "all_tags": [],
            "availability_zone": "nodos-amd-2022",
            "availability_zone_hints": null,
            "block_device": [],
            "config_drive": null,
            "flavor_id": "2d357d3d-32c1-4af8-81dd-a71a7d7cf303",
            "flavor_name": "m1.small",
            "floating_ip": null,
            "force_delete": false,
            "id": "624faa05-e25a-4a95-92fa-a72142217169",
            "image_id": "38b79dd9-899c-4d4c-847a-8baad52abc3c",
            "image_name": "ubuntu_minimal_1804",
            "key_pair": "jr-key",
            "metadata": null,
            "name": "jr-db",
            "network": [
              {
                "access_network": false,
                "fixed_ip_v4": "172.19.0.33",
                "fixed_ip_v6": "",
                "floating_ip": "",
                "mac": "fa:16:3e:09:c2:d1",
                "name": "jr-net",
                "port": "",
                "uuid": "e309f95b-accb-4280-832b-c5ff0dc1981a"
              }
            ],
            "network_mode": null,
            "personality": [],
            "power_state": "active",
            "region": "RegionOne",
            "scheduler_hints": [],
            "security_groups": [
              "sg-db"
            ],
            "stop_before_destroy": false,
            "tags": [],
            "timeouts": null,
            "user_data": null,
            "vendor_options": [],
            "volume": []
          },
          "sensitive_attributes": [],
          "private": "eyJlMmJmYjczMC1lY2FhLTExZTYtOGY4OC0zNDM2M2JjN2M0YzAiOnsiY3JlYXRlIjoxODAwMDAwMDAwMDAwLCJkZWxldGUiOjE4MDAwMDAwMDAwMDAsInVwZGF0ZSI6MTgwMDAwMDAwMDAwMH19",
          "dependencies": [
            "openstack_compute_secgroup_v2.sg-bastion",
            "openstack_compute_secgroup_v2.sg-db",
            "openstack_compute_secgroup_v2.sg-lb",
            "openstack_compute_secgroup_v2.sg-webapp-01",
            "openstack_compute_secgroup_v2.sg-webapp-02",
            "openstack_networking_network_v2.jr-net"
          ]
        }
      ]
    },
    {
      "mode": "managed",
      "type": "openstack_compute_instance_v2",
      "name": "jr-lb",
      "provider": "provider[\"registry.terraform.io/terraform-provider-openstack/openstack\"]",
      "instances": [
        {
          "schema_version": 0,
          "attributes": {
            "access_ip_v4": "172.19.0.253",
            "access_ip_v6": "",
            "admin_pass": null,
            "all_metadata": {},
            "all_tags": [],
            "availability_zone": "nodos-amd-2022",
            "availability_zone_hints": null,
            "block_device": [],
            "config_drive": null,
            "flavor_id": "2d357d3d-32c1-4af8-81dd-a71a7d7cf303",
            "flavor_name": "m1.small",
            "floating_ip": null,
            "force_delete": false,
            "id": "803fb2a8-fa8a-43c5-a650-fa80c7c8cbeb",
            "image_id": "38b79dd9-899c-4d4c-847a-8baad52abc3c",
            "image_name": "ubuntu_minimal_1804",
            "key_pair": "jr-key",
            "metadata": null,
            "name": "jr-lb",
            "network": [
              {
                "access_network": false,
                "fixed_ip_v4": "172.19.0.253",
                "fixed_ip_v6": "",
                "floating_ip": "",
                "mac": "fa:16:3e:7a:cd:73",
                "name": "jr-net",
                "port": "",
                "uuid": "e309f95b-accb-4280-832b-c5ff0dc1981a"
              }
            ],
            "network_mode": null,
            "personality": [],
            "power_state": "active",
            "region": "RegionOne",
            "scheduler_hints": [],
            "security_groups": [
              "sg-lb"
            ],
            "stop_before_destroy": false,
            "tags": [],
            "timeouts": null,
            "user_data": null,
            "vendor_options": [],
            "volume": []
          },
          "sensitive_attributes": [],
          "private": "eyJlMmJmYjczMC1lY2FhLTExZTYtOGY4OC0zNDM2M2JjN2M0YzAiOnsiY3JlYXRlIjoxODAwMDAwMDAwMDAwLCJkZWxldGUiOjE4MDAwMDAwMDAwMDAsInVwZGF0ZSI6MTgwMDAwMDAwMDAwMH19",
          "dependencies": [
            "openstack_compute_secgroup_v2.sg-lb",
            "openstack_networking_network_v2.jr-net"
          ]
        }
      ]
    },
    {
      "mode": "managed",
      "type": "openstack_compute_instance_v2",
      "name": "jr-webapp-01",
      "provider": "provider[\"registry.terraform.io/terraform-provider-openstack/openstack\"]",
      "instances": [
        {
          "schema_version": 0,
          "attributes": {
            "access_ip_v4": "172.19.0.157",
            "access_ip_v6": "",
            "admin_pass": null,
            "all_metadata": {},
            "all_tags": [],
            "availability_zone": "nodos-amd-2022",
            "availability_zone_hints": null,
            "block_device": [],
            "config_drive": null,
            "flavor_id": "2d357d3d-32c1-4af8-81dd-a71a7d7cf303",
            "flavor_name": "m1.small",
            "floating_ip": null,
            "force_delete": false,
            "id": "161678c1-3faf-4870-9808-38e027a05b5c",
            "image_id": "38b79dd9-899c-4d4c-847a-8baad52abc3c",
            "image_name": "ubuntu_minimal_1804",
            "key_pair": "jr-key",
            "metadata": null,
            "name": "jr-webapp-01",
            "network": [
              {
                "access_network": false,
                "fixed_ip_v4": "172.19.0.157",
                "fixed_ip_v6": "",
                "floating_ip": "",
                "mac": "fa:16:3e:e7:30:1f",
                "name": "jr-net",
                "port": "",
                "uuid": "e309f95b-accb-4280-832b-c5ff0dc1981a"
              }
            ],
            "network_mode": null,
            "personality": [],
            "power_state": "active",
            "region": "RegionOne",
            "scheduler_hints": [],
            "security_groups": [
              "sg-webapp-01"
            ],
            "stop_before_destroy": false,
            "tags": [],
            "timeouts": null,
            "user_data": null,
            "vendor_options": [],
            "volume": []
          },
          "sensitive_attributes": [],
          "private": "eyJlMmJmYjczMC1lY2FhLTExZTYtOGY4OC0zNDM2M2JjN2M0YzAiOnsiY3JlYXRlIjoxODAwMDAwMDAwMDAwLCJkZWxldGUiOjE4MDAwMDAwMDAwMDAsInVwZGF0ZSI6MTgwMDAwMDAwMDAwMH19",
          "dependencies": [
            "openstack_compute_secgroup_v2.sg-bastion",
            "openstack_compute_secgroup_v2.sg-lb",
            "openstack_compute_secgroup_v2.sg-webapp-01",
            "openstack_networking_network_v2.jr-net"
          ]
        }
      ]
    },
    {
      "mode": "managed",
      "type": "openstack_compute_instance_v2",
      "name": "jr-webapp-02",
      "provider": "provider[\"registry.terraform.io/terraform-provider-openstack/openstack\"]",
      "instances": [
        {
          "schema_version": 0,
          "attributes": {
            "access_ip_v4": "172.19.0.187",
            "access_ip_v6": "",
            "admin_pass": null,
            "all_metadata": {},
            "all_tags": [],
            "availability_zone": "nodos-amd-2022",
            "availability_zone_hints": null,
            "block_device": [],
            "config_drive": null,
            "flavor_id": "2d357d3d-32c1-4af8-81dd-a71a7d7cf303",
            "flavor_name": "m1.small",
            "floating_ip": null,
            "force_delete": false,
            "id": "6faf3d39-ee07-4a3f-ac5c-b7bdf8cb0017",
            "image_id": "38b79dd9-899c-4d4c-847a-8baad52abc3c",
            "image_name": "ubuntu_minimal_1804",
            "key_pair": "jr-key",
            "metadata": null,
            "name": "jr-webapp-02",
            "network": [
              {
                "access_network": false,
                "fixed_ip_v4": "172.19.0.187",
                "fixed_ip_v6": "",
                "floating_ip": "",
                "mac": "fa:16:3e:3a:fe:5e",
                "name": "jr-net",
                "port": "",
                "uuid": "e309f95b-accb-4280-832b-c5ff0dc1981a"
              }
            ],
            "network_mode": null,
            "personality": [],
            "power_state": "active",
            "region": "RegionOne",
            "scheduler_hints": [],
            "security_groups": [
              "sg-webapp-02"
            ],
            "stop_before_destroy": false,
            "tags": [],
            "timeouts": null,
            "user_data": null,
            "vendor_options": [],
            "volume": []
          },
          "sensitive_attributes": [],
          "private": "eyJlMmJmYjczMC1lY2FhLTExZTYtOGY4OC0zNDM2M2JjN2M0YzAiOnsiY3JlYXRlIjoxODAwMDAwMDAwMDAwLCJkZWxldGUiOjE4MDAwMDAwMDAwMDAsInVwZGF0ZSI6MTgwMDAwMDAwMDAwMH19",
          "dependencies": [
            "openstack_compute_secgroup_v2.sg-bastion",
            "openstack_compute_secgroup_v2.sg-lb",
            "openstack_compute_secgroup_v2.sg-webapp-02",
            "openstack_networking_network_v2.jr-net"
          ]
        }
      ]
    },
    {
      "mode": "managed",
      "type": "openstack_compute_secgroup_v2",
      "name": "sg-bastion",
      "provider": "provider[\"registry.terraform.io/terraform-provider-openstack/openstack\"]",
      "instances": [
        {
          "schema_version": 0,
          "attributes": {
            "description": "Bastion security group",
            "id": "9a333cf2-90af-4fd3-9756-bed62afee4cc",
            "name": "sg-bastion",
            "region": "RegionOne",
            "rule": [
              {
                "cidr": "0.0.0.0/0",
                "from_group_id": "",
                "from_port": 22,
                "id": "6f982fb5-e055-40cc-94f7-12dc9fd42d5b",
                "ip_protocol": "tcp",
                "self": false,
                "to_port": 22
              }
            ],
            "timeouts": null
          },
          "sensitive_attributes": [],
          "private": "eyJlMmJmYjczMC1lY2FhLTExZTYtOGY4OC0zNDM2M2JjN2M0YzAiOnsiZGVsZXRlIjo2MDAwMDAwMDAwMDB9fQ=="
        }
      ]
    },
    {
      "mode": "managed",
      "type": "openstack_compute_secgroup_v2",
      "name": "sg-db",
      "provider": "provider[\"registry.terraform.io/terraform-provider-openstack/openstack\"]",
      "instances": [
        {
          "schema_version": 0,
          "attributes": {
            "description": "Database security group",
            "id": "64e7754e-6f3a-4dd7-9f94-7df39d464c9e",
            "name": "sg-db",
            "region": "RegionOne",
            "rule": [
              {
                "cidr": "",
                "from_group_id": "01df34e6-7637-4769-a9d6-67e6bb84ab42",
                "from_port": 3306,
                "id": "ade43f0d-2d36-4d71-99d1-a7c51e219a1d",
                "ip_protocol": "tcp",
                "self": false,
                "to_port": 3306
              },
              {
                "cidr": "",
                "from_group_id": "72e609f6-4696-4555-86fd-e69e8a78a3b2",
                "from_port": 3306,
                "id": "2da12775-7ee6-40a1-a60a-a938fedd913b",
                "ip_protocol": "tcp",
                "self": false,
                "to_port": 3306
              },
              {
                "cidr": "",
                "from_group_id": "9a333cf2-90af-4fd3-9756-bed62afee4cc",
                "from_port": 22,
                "id": "7e11b653-0a82-41f5-9ca3-d97fdc2f138a",
                "ip_protocol": "tcp",
                "self": false,
                "to_port": 22
              }
            ],
            "timeouts": null
          },
          "sensitive_attributes": [],
          "private": "eyJlMmJmYjczMC1lY2FhLTExZTYtOGY4OC0zNDM2M2JjN2M0YzAiOnsiZGVsZXRlIjo2MDAwMDAwMDAwMDB9fQ==",
          "dependencies": [
            "openstack_compute_secgroup_v2.sg-bastion",
            "openstack_compute_secgroup_v2.sg-lb",
            "openstack_compute_secgroup_v2.sg-webapp-01",
            "openstack_compute_secgroup_v2.sg-webapp-02"
          ]
        }
      ]
    },
    {
      "mode": "managed",
      "type": "openstack_compute_secgroup_v2",
      "name": "sg-lb",
      "provider": "provider[\"registry.terraform.io/terraform-provider-openstack/openstack\"]",
      "instances": [
        {
          "schema_version": 0,
          "attributes": {
            "description": "Load Balancer security group",
            "id": "ff6a8e30-a804-4e6a-967e-9578b18b0d71",
            "name": "sg-lb",
            "region": "RegionOne",
            "rule": [
              {
                "cidr": "0.0.0.0/0",
                "from_group_id": "",
                "from_port": 22,
                "id": "4f614c79-b683-4f16-b3f0-13f8b49f0dbd",
                "ip_protocol": "tcp",
                "self": false,
                "to_port": 22
              },
              {
                "cidr": "0.0.0.0/0",
                "from_group_id": "",
                "from_port": 80,
                "id": "72851708-76f6-4708-9109-af47ad4a9574",
                "ip_protocol": "tcp",
                "self": false,
                "to_port": 80
              },
              {
                "cidr": "::/0",
                "from_group_id": "",
                "from_port": 22,
                "id": "47e19748-37a4-4d5f-a47d-d980ad06f14a",
                "ip_protocol": "tcp",
                "self": false,
                "to_port": 22
              },
              {
                "cidr": "::/0",
                "from_group_id": "",
                "from_port": 80,
                "id": "bf45c0ab-8d1e-489b-9c34-0f51e958042c",
                "ip_protocol": "tcp",
                "self": false,
                "to_port": 80
              }
            ],
            "timeouts": null
          },
          "sensitive_attributes": [],
          "private": "eyJlMmJmYjczMC1lY2FhLTExZTYtOGY4OC0zNDM2M2JjN2M0YzAiOnsiZGVsZXRlIjo2MDAwMDAwMDAwMDB9fQ=="
        }
      ]
    },
    {
      "mode": "managed",
      "type": "openstack_compute_secgroup_v2",
      "name": "sg-webapp-01",
      "provider": "provider[\"registry.terraform.io/terraform-provider-openstack/openstack\"]",
      "instances": [
        {
          "schema_version": 0,
          "attributes": {
            "description": "Webapp-01 security group",
            "id": "01df34e6-7637-4769-a9d6-67e6bb84ab42",
            "name": "sg-webapp-01",
            "region": "RegionOne",
            "rule": [
              {
                "cidr": "",
                "from_group_id": "9a333cf2-90af-4fd3-9756-bed62afee4cc",
                "from_port": 22,
                "id": "ab0699d4-96e0-4e22-8d9a-8d66573f59fa",
                "ip_protocol": "tcp",
                "self": false,
                "to_port": 22
              },
              {
                "cidr": "",
                "from_group_id": "ff6a8e30-a804-4e6a-967e-9578b18b0d71",
                "from_port": 80,
                "id": "05d76d2e-8e8a-4946-adf8-aba42152dd4a",
                "ip_protocol": "tcp",
                "self": false,
                "to_port": 80
              },
              {
                "cidr": "0.0.0.0/0",
                "from_group_id": "",
                "from_port": -1,
                "id": "b4df3df2-f815-4b02-a3ef-114a10d8e22f",
                "ip_protocol": "icmp",
                "self": false,
                "to_port": -1
              },
              {
                "cidr": "::/0",
                "from_group_id": "",
                "from_port": -1,
                "id": "",
                "ip_protocol": "icmp",
                "self": false,
                "to_port": -1
              }
            ],
            "timeouts": null
          },
          "sensitive_attributes": [],
          "private": "eyJlMmJmYjczMC1lY2FhLTExZTYtOGY4OC0zNDM2M2JjN2M0YzAiOnsiZGVsZXRlIjo2MDAwMDAwMDAwMDB9fQ==",
          "dependencies": [
            "openstack_compute_secgroup_v2.sg-bastion",
            "openstack_compute_secgroup_v2.sg-lb"
          ]
        }
      ]
    },
    {
      "mode": "managed",
      "type": "openstack_compute_secgroup_v2",
      "name": "sg-webapp-02",
      "provider": "provider[\"registry.terraform.io/terraform-provider-openstack/openstack\"]",
      "instances": [
        {
          "schema_version": 0,
          "attributes": {
            "description": "Webapp-02 security group",
            "id": "72e609f6-4696-4555-86fd-e69e8a78a3b2",
            "name": "sg-webapp-02",
            "region": "RegionOne",
            "rule": [
              {
                "cidr": "",
                "from_group_id": "9a333cf2-90af-4fd3-9756-bed62afee4cc",
                "from_port": 22,
                "id": "b5756d61-6541-44c1-be53-2e68b73a6697",
                "ip_protocol": "tcp",
                "self": false,
                "to_port": 22
              },
              {
                "cidr": "",
                "from_group_id": "ff6a8e30-a804-4e6a-967e-9578b18b0d71",
                "from_port": 80,
                "id": "e1474ee8-002f-494b-98e6-cd1ae14972ff",
                "ip_protocol": "tcp",
                "self": false,
                "to_port": 80
              },
              {
                "cidr": "::/0",
                "from_group_id": "",
                "from_port": -1,
                "id": "",
                "ip_protocol": "icmp",
                "self": false,
                "to_port": -1
              }
            ],
            "timeouts": null
          },
          "sensitive_attributes": [],
          "private": "eyJlMmJmYjczMC1lY2FhLTExZTYtOGY4OC0zNDM2M2JjN2M0YzAiOnsiZGVsZXRlIjo2MDAwMDAwMDAwMDB9fQ==",
          "dependencies": [
            "openstack_compute_secgroup_v2.sg-bastion",
            "openstack_compute_secgroup_v2.sg-lb"
          ]
        }
      ]
    },
    {
      "mode": "managed",
      "type": "openstack_networking_network_v2",
      "name": "jr-net",
      "provider": "provider[\"registry.terraform.io/terraform-provider-openstack/openstack\"]",
      "instances": [
        {
          "schema_version": 0,
          "attributes": {
            "admin_state_up": true,
            "all_tags": [],
            "availability_zone_hints": [],
            "description": "",
            "dns_domain": "",
            "external": false,
            "id": "e309f95b-accb-4280-832b-c5ff0dc1981a",
            "mtu": 1450,
            "name": "jr-net",
            "port_security_enabled": true,
            "qos_policy_id": "",
            "region": "RegionOne",
            "segments": [],
            "shared": false,
            "tags": [],
            "tenant_id": "4f8510696ff34a0c978c971d2c8e8477",
            "timeouts": null,
            "transparent_vlan": false,
            "value_specs": null
          },
          "sensitive_attributes": [],
          "private": "eyJlMmJmYjczMC1lY2FhLTExZTYtOGY4OC0zNDM2M2JjN2M0YzAiOnsiY3JlYXRlIjo2MDAwMDAwMDAwMDAsImRlbGV0ZSI6NjAwMDAwMDAwMDAwfX0="
        }
      ]
    },
    {
      "mode": "managed",
      "type": "openstack_networking_router_interface_v2",
      "name": "jr-intf",
      "provider": "provider[\"registry.terraform.io/terraform-provider-openstack/openstack\"]",
      "instances": [
        {
          "schema_version": 0,
          "attributes": {
            "id": "b58433db-85bf-4bec-809c-855ba575b900",
            "port_id": "b58433db-85bf-4bec-809c-855ba575b900",
            "region": "RegionOne",
            "router_id": "96de1974-3451-4236-8d14-35a271c60b78",
            "subnet_id": "da1bbe74-953c-4bd4-bd7c-5c16e860e919",
            "timeouts": null
          },
          "sensitive_attributes": [],
          "private": "eyJlMmJmYjczMC1lY2FhLTExZTYtOGY4OC0zNDM2M2JjN2M0YzAiOnsiY3JlYXRlIjo2MDAwMDAwMDAwMDAsImRlbGV0ZSI6NjAwMDAwMDAwMDAwfX0=",
          "dependencies": [
            "openstack_networking_network_v2.jr-net",
            "openstack_networking_router_v2.jr-router",
            "openstack_networking_subnet_v2.jr-subnet"
          ]
        }
      ]
    },
    {
      "mode": "managed",
      "type": "openstack_networking_router_interface_v2",
      "name": "jr-intf-v6",
      "provider": "provider[\"registry.terraform.io/terraform-provider-openstack/openstack\"]",
      "instances": []
    },
    {
      "mode": "managed",
      "type": "openstack_networking_router_v2",
      "name": "jr-router",
      "provider": "provider[\"registry.terraform.io/terraform-provider-openstack/openstack\"]",
      "instances": [
        {
          "schema_version": 0,
          "attributes": {
            "admin_state_up": true,
            "all_tags": [],
            "availability_zone_hints": [],
            "description": "",
            "distributed": false,
            "enable_snat": true,
            "external_fixed_ip": [
              {
                "ip_address": "192.168.3.111",
                "subnet_id": "14c24d48-1fc6-4f61-ba48-8b4cc5c5b612"
              },
              {
                "ip_address": "2803:de40:4014:c6ff::13bd",
                "subnet_id": "9dd43736-509b-45fe-9cf3-636209072c5c"
              }
            ],
            "external_gateway": "4cd100c4-1652-47b1-b63b-a69f96a06355",
            "external_network_id": "4cd100c4-1652-47b1-b63b-a69f96a06355",
            "external_subnet_ids": null,
            "id": "96de1974-3451-4236-8d14-35a271c60b78",
            "name": "jr-router",
            "region": "RegionOne",
            "tags": [],
            "tenant_id": "4f8510696ff34a0c978c971d2c8e8477",
            "timeouts": null,
            "value_specs": null,
            "vendor_options": []
          },
          "sensitive_attributes": [],
          "private": "eyJlMmJmYjczMC1lY2FhLTExZTYtOGY4OC0zNDM2M2JjN2M0YzAiOnsiY3JlYXRlIjo2MDAwMDAwMDAwMDAsImRlbGV0ZSI6NjAwMDAwMDAwMDAwfX0="
        }
      ]
    },
    {
      "mode": "managed",
      "type": "openstack_networking_subnet_v2",
      "name": "jr-subnet",
      "provider": "provider[\"registry.terraform.io/terraform-provider-openstack/openstack\"]",
      "instances": [
        {
          "schema_version": 0,
          "attributes": {
            "all_tags": [],
            "allocation_pool": [
              {
                "end": "172.19.0.254",
                "start": "172.19.0.2"
              }
            ],
            "allocation_pools": [
              {
                "end": "172.19.0.254",
                "start": "172.19.0.2"
              }
            ],
            "cidr": "172.19.0.0/24",
            "description": "",
            "dns_nameservers": [],
            "enable_dhcp": true,
            "gateway_ip": "172.19.0.1",
            "host_routes": [],
            "id": "da1bbe74-953c-4bd4-bd7c-5c16e860e919",
            "ip_version": 4,
            "ipv6_address_mode": "",
            "ipv6_ra_mode": "",
            "name": "jr-subnet",
            "network_id": "e309f95b-accb-4280-832b-c5ff0dc1981a",
            "no_gateway": false,
            "prefix_length": null,
            "region": "RegionOne",
            "subnetpool_id": "",
            "tags": [],
            "tenant_id": "4f8510696ff34a0c978c971d2c8e8477",
            "timeouts": null,
            "value_specs": null
          },
          "sensitive_attributes": [],
          "private": "eyJlMmJmYjczMC1lY2FhLTExZTYtOGY4OC0zNDM2M2JjN2M0YzAiOnsiY3JlYXRlIjo2MDAwMDAwMDAwMDAsImRlbGV0ZSI6NjAwMDAwMDAwMDAwfX0=",
          "dependencies": [
            "openstack_networking_network_v2.jr-net"
          ]
        }
      ]
    }
  ],
  "check_results": null
}
